{
  "nodes": {
    "flakelight": {
      "inputs": {
        "nixpkgs": "nixpkgs"
      },
      "locked": {
        "lastModified": 1738586370,
        "narHash": "sha256-oNDm2sfLm9jdfOskRq2ABn85gwXusbsHEOC181peno4=",
        "owner": "nix-community",
        "repo": "flakelight",
        "rev": "d05bcabfc1efb84a7d8689de6e50b84d7f23b427",
        "type": "github"
      },
      "original": {
        "owner": "nix-community",
        "repo": "flakelight",
        "type": "github"
      }
    },
    "nixpkgs": {
      "locked": {
        "lastModified": 1738410390,
        "narHash": "sha256-xvTo0Aw0+veek7hvEVLzErmJyQkEcRk6PSR4zsRQFEc=",
        "owner": "NixOS",
        "repo": "nixpkgs",
        "rev": "3a228057f5b619feb3186e986dbe76278d707b6e",
        "type": "github"
      },
      "original": {
        "owner": "NixOS",
        "ref": "nixos-unstable",
        "repo": "nixpkgs",
        "type": "github"
      }
    },
    "nixpkgs_2": {
      "locked": {
        "lastModified": 1739019272,
        "narHash": "sha256-7Fu7oazPoYCbDzb9k8D/DdbKrC3aU1zlnc39Y8jy/s8=",
        "owner": "nixos",
        "repo": "nixpkgs",
        "rev": "fa35a3c8e17a3de613240fea68f876e5b4896aec",
        "type": "github"
      },
      "original": {
        "owner": "nixos",
        "ref": "nixpkgs-unstable",
        "repo": "nixpkgs",
        "type": "github"
      }
    },
    "pyproject-build-systems": {
      "inputs": {
        "nixpkgs": [
          "nixpkgs"
        ],
        "pyproject-nix": [
          "pyproject-nix"
        ],
        "uv2nix": [
          "uv2nix"
        ]
      },
      "locked": {
        "lastModified": 1737338290,
        "narHash": "sha256-gnXlfFEHA+/jMH7R+7y3JxrI3WfOjgBhzzJNuFW70UU=",
        "owner": "pyproject-nix",
        "repo": "build-system-pkgs",
        "rev": "e1487e5cefda0c7990bdd2e660bee20971680e45",
        "type": "github"
      },
      "original": {
        "owner": "pyproject-nix",
        "repo": "build-system-pkgs",
        "type": "github"
      }
    },
    "pyproject-nix": {
      "inputs": {
        "nixpkgs": [
          "nixpkgs"
        ]
      },
      "locked": {
        "lastModified": 1738204167,
        "narHash": "sha256-J5M2sj3x4ocM93shScT/3Z4XWHZhwwW1NyQK+C+8Mys=",
        "owner": "pyproject-nix",
        "repo": "pyproject.nix",
        "rev": "0d9f4b90cee1b5c5d6c142ef22de1e246e003ccc",
        "type": "github"
      },
      "original": {
        "owner": "pyproject-nix",
        "repo": "pyproject.nix",
        "type": "github"
      }
    },
    "root": {
      "inputs": {
        "flakelight": "flakelight",
        "nixpkgs": "nixpkgs_2",
        "pyproject-build-systems": "pyproject-build-systems",
        "pyproject-nix": "pyproject-nix",
        "uv2nix": "uv2nix"
      }
    },
    "uv2nix": {
      "inputs": {
        "nixpkgs": [
          "nixpkgs"
        ],
        "pyproject-nix": [
          "pyproject-nix"
        ]
      },
      "locked": {
        "lastModified": 1738850824,
        "narHash": "sha256-C/k6Lf+T+GqLwgy/RPMrGHvYzXPcnJaE9F8zmAeh8sk=",
        "owner": "pyproject-nix",
        "repo": "uv2nix",
        "rev": "31b316a8ee16d18c1ff4bbd9ee370cd289388f15",
        "type": "github"
      },
      "original": {
        "owner": "pyproject-nix",
        "repo": "uv2nix",
        "type": "github"
      }
    }
  },
  "root": "root",
  "version": 7
}
